version = 1
revision = 3
requires-python = ">=3.14"

[[package]]
name = "grpcio"
version = "1.81.0"
source = { registry = "https://pypi.org/simple" }
dependencies = [
    { name = "typing-extensions" },
]
sdist = { url = "https://files.pythonhosted.org/packages/15/f3/23f47b24f8d8c2028eba501db3acfbb2f592cbb5995eaa6e363a627b74d7/grpcio-1.81.0.tar.gz", hash = "sha256:a5acd7efd3b1fe9b4eb0bcaaa1507eed68a0ad0678b654c3f7b464df9ba9dca5", size = 13032272, upload-time = "2026-06-01T05:56:22.827Z" }
wheels = [
    { url = "https://files.pythonhosted.org/packages/c5/1d/28b231333857deb840bc3d182ae087510170ea6d68f21393aeb0fe499530/grpcio-1.81.0-cp314-cp314-linux_armv7l.whl", hash = "sha256:a9351055f52660b58f3d4890ea66188b5134399f82b11aa0c55bd4b99eff5390", size = 6055712, upload-time = "2026-06-01T05:55:52.889Z" },
    { url = "https://files.pythonhosted.org/packages/e8/b8/999c14f9dff0fc47549d2e827cba1343ddc18e1d1bf0d06d2cf628eecbd9/grpcio-1.81.0-cp314-cp314-macosx_11_0_universal2.whl", hash = "sha256:300f3337b6425fd16ead9a4f9b2ac25801acb64aa5bc0b99eb69901645b2b1d2", size = 12057189, upload-time = "2026-06-01T05:55:55.952Z" },
    { url = "https://files.pythonhosted.org/packages/1e/3d/1fbde079572562af65351151d840525a13879eb7b481d35b55cd64c6127a/grpcio-1.81.0-cp314-cp314-manylinux2014_aarch64.manylinux_2_17_aarch64.whl", hash = "sha256:97bbd623f7ded558fd4f7cb5a4f600c4d4de65c5dd364c83a5b14b2a10a2d3b5", size = 6608136, upload-time = "2026-06-01T05:55:59.069Z" },
    { url = "https://files.pythonhosted.org/packages/32/89/1f17cb6882abfd8e5a303a25d5d1665abef5a8c499a96198c65a651d1b85/grpcio-1.81.0-cp314-cp314-manylinux2014_i686.manylinux_2_17_i686.whl", hash = "sha256:ff83d889e3ebf6341c8c7864ad8031591ad5ca61599072fc511644d1eb962d2b", size = 7307045, upload-time = "2026-06-01T05:56:02.376Z" },
    { url = "https://files.pythonhosted.org/packages/48/5a/f98e91b2e755652e637ea2144318b0229b290062199f761b445fe1fa6015/grpcio-1.81.0-cp314-cp314-manylinux2014_x86_64.manylinux_2_17_x86_64.whl", hash = "sha256:c4fe218c5a35e1d87a5a26544237f1fa41dfd9cbd3c856b0810a30061f8b0aaf", size = 6812794, upload-time = "2026-06-01T05:56:05.777Z" },
    { url = "https://files.pythonhosted.org/packages/0a/0c/77892d715ac41e7ec0ace2a50080ffb64e189188056f607a66fe0014d1ee/grpcio-1.81.0-cp314-cp314-musllinux_1_2_aarch64.whl", hash = "sha256:b8b025b6af43ee0ad4a70307025d77bcab5adde7c4597786010d802c203e9fc5", size = 7422767, upload-time = "2026-06-01T05:56:08.524Z" },
    { url = "https://files.pythonhosted.org/packages/3f/b8/aa04590c6564714d94954515f15a236e59d4b9b3ad01e615f1b706d7792d/grpcio-1.81.0-cp314-cp314-musllinux_1_2_i686.whl", hash = "sha256:3d4e0ce5a40a998cf608c8ba60ecfe18fdf364a9aa193ae4ac3faeecd0e86757", size = 8408551, upload-time = "2026-06-01T05:56:11.283Z" },
    { url = "https://files.pythonhosted.org/packages/43/3d/4f4a3450a1973568910c6909cb74abbf2126f68aefae5976962f9f7ad50d/grpcio-1.81.0-cp314-cp314-musllinux_1_2_x86_64.whl", hash = "sha256:aa948712c8e5fa40ec250870bda14bc7578e1bb832a8912d9d2a0f720518edbe", size = 7846468, upload-time = "2026-06-01T05:56:14.536Z" },
    { url = "https://files.pythonhosted.org/packages/88/f4/5827fd248221ad3b44161c23ce9b5f4ee405b04fc6da5fd402a9aa87a84a/grpcio-1.81.0-cp314-cp314-win32.whl", hash = "sha256:fbbe81314a9d92156abce8b62c09364eb8bafc0ca2a19919a45ec64b5c6cb664", size = 4264427, upload-time = "2026-06-01T05:56:17.192Z" },
    { url = "https://files.pythonhosted.org/packages/0c/e8/127dc2b246096ad50ef7c8d9b7b31d757787aeb796368bcdd4454e4204c4/grpcio-1.81.0-cp314-cp314-win_amd64.whl", hash = "sha256:b93cee313cae4e113fbb3a0ce1ea5633db6f63cfde2b2dc1d817429026b2a50b", size = 5070848, upload-time = "2026-06-01T05:56:19.735Z" },
]

[[package]]
name = "protobuf"
version = "7.35.0"
source = { registry = "https://pypi.org/simple" }
sdist = { url = "https://files.pythonhosted.org/packages/60/fd/5b1491d9e4b586d621c54f4c36b888714164b6875f8d6afa3f9072906a51/protobuf-7.35.0.tar.gz", hash = "sha256:a2efd84605f41e559f1881b0912b44099d0a2ac9bf46b3474823f10fb393b0e6", size = 458677, upload-time = "2026-05-19T23:02:29.197Z" }
wheels = [
    { url = "https://files.pythonhosted.org/packages/83/ee/93d06e358a4aa32280b00e722d3ea0a1f25fc3cc5778d80581c9cca2c10e/protobuf-7.35.0-cp310-abi3-macosx_10_9_universal2.whl", hash = "sha256:66be6c513931c794fa92c080ffee41671390da3d79da219cf9c0c0907f035dda", size = 433225, upload-time = "2026-05-19T23:02:19.884Z" },
    { url = "https://files.pythonhosted.org/packages/8b/39/1c76c2da93f3c507e958e0aecee2391cc44d4625de6c728bbc555195b5a8/protobuf-7.35.0-cp310-abi3-manylinux2014_aarch64.whl", hash = "sha256:fcbe42a4ac09d3ec9c987ddfcd956afd0b15f1ff613bd8371bde9405ffd5c8e5", size = 328847, upload-time = "2026-05-19T23:02:22.3Z" },
    { url = "https://files.pythonhosted.org/packages/91/1a/39f7ce90a238c1a987a4d81ec26379e02ca0aff367de68e4a1fa474215b9/protobuf-7.35.0-cp310-abi3-manylinux2014_s390x.whl", hash = "sha256:4cbf5cc286130e06a6c9bbefac442431173906dfcc979712183d4adcc01b37ee", size = 344030, upload-time = "2026-05-19T23:02:23.591Z" },
    { url = "https://files.pythonhosted.org/packages/70/5b/6baf9008817964454055ff3fe65f1de0b5f1e26c80c82f7fb108b7cd4ea3/protobuf-7.35.0-cp310-abi3-manylinux2014_x86_64.whl", hash = "sha256:6c0f98f10c8a05ea30f8993dfef2de093d27b490fdae78bb60c8343795d55011", size = 327130, upload-time = "2026-05-19T23:02:24.637Z" },
    { url = "https://files.pythonhosted.org/packages/8e/e5/e46adb0badc388bfb84877a5f9f026aff63f60e611016cf64dbe77e05446/protobuf-7.35.0-cp310-abi3-win32.whl", hash = "sha256:4c4617b83ade0e279d1d2bfe04025a1adb87f9ed657de038620dc0ff959357f6", size = 428946, upload-time = "2026-05-19T23:02:25.741Z" },
    { url = "https://files.pythonhosted.org/packages/a7/ab/547fbd9e16d879dd13c167478f8ae0a83a428008ca07a5e06acdc23ad473/protobuf-7.35.0-cp310-abi3-win_amd64.whl", hash = "sha256:f05bcadf9a2a6b8dda047007075135fb7d08c73d9177aabc067e1be46881a201", size = 439996, upload-time = "2026-05-19T23:02:26.808Z" },
    { url = "https://files.pythonhosted.org/packages/b8/ef/50433d346c56657a70d27f156c7b349ac59a068b01de4eb796e747eecc43/protobuf-7.35.0-py3-none-any.whl", hash = "sha256:c13f325cf242bad135c350629eeb5d54b24228eb472fb3e2e9ebbd4c5dc20ca0", size = 171659, upload-time = "2026-05-19T23:02:27.842Z" },
]

[[package]]
name = "redpanda-connect"
version = "0.1.3"
source = { registry = "https://pypi.org/simple" }
dependencies = [
    { name = "grpcio" },
    { name = "protobuf" },
]
sdist = { url = "https://files.pythonhosted.org/packages/ca/53/c74f8b16312d41e5bc40b24bced5977a7b805ef4be31aa07374cc77349f1/redpanda_connect-0.1.3.tar.gz", hash = "sha256:cad839a8376f793deb2882e033c4f7ff39eb56b4787ef55e91bc9bac2ddc607c", size = 40940, upload-time = "2025-07-17T10:57:39.704Z" }
wheels = [
    { url = "https://files.pythonhosted.org/packages/32/8e/19d757070a685a0e594569595ecc7cd590e2ce4d6864732340b6dae93976/redpanda_connect-0.1.3-py3-none-any.whl", hash = "sha256:bc98c6d79aee85d45d89d4d8e4d35b34086f5b0fa8ebffb297be38fb716a326f", size = 48130, upload-time = "2025-07-17T10:57:38.526Z" },
]

[[package]]
name = "typing-extensions"
version = "4.15.0"
source = { registry = "https://pypi.org/simple" }
sdist = { url = "https://files.pythonhosted.org/packages/72/94/1a15dd82efb362ac84269196e94cf00f187f7ed21c242792a923cdb1c61f/typing_extensions-4.15.0.tar.gz", hash = "sha256:0cea48d173cc12fa28ecabc3b837ea3cf6f38c6d1136f85cbaaf598984861466", size = 109391, upload-time = "2025-08-25T13:49:26.313Z" }
wheels = [
    { url = "https://files.pythonhosted.org/packages/18/67/36e9267722cc04a6b9f15c7f3441c2363321a3ea07da7ae0c0707beb2a9c/typing_extensions-4.15.0-py3-none-any.whl", hash = "sha256:f0fa19c6845758ab08074a0cfa8b7aecb71c999ca73d62883bc25cc018c4e548", size = 44614, upload-time = "2025-08-25T13:49:24.86Z" },
]

[[package]]
name = "yell-plugin"
version = "0.1.0"
source = { virtual = "." }
dependencies = [
    { name = "redpanda-connect" },
]

[package.metadata]
requires-dist = [{ name = "redpanda-connect", specifier = ">=0.1.3" }]
